
Microsoft Visual Studio Solution File, Format Version 12.00
# Visual Studio 15
VisualStudioVersion = 15.0.28010.2046
MinimumVisualStudioVersion = 10.0.40219.1
Project("{FAE04EC0-301F-11D3-BF4B-00C04F79EFBC}") = "Skeleton", "Skeleton\Skeleton.csproj", "{B7C13488-44A9-432D-A12C-ED88E9656144}"
EndProject
Project("{FAE04EC0-301F-11D3-BF4B-00C04F79EFBC}") = "Skeleton.Tests", "Skeleton.Tests\Skeleton.Tests.csproj", "{B3DF042C-9952-43CD-9C8D-0F7443007981}"
EndProject
Project("{FAE04EC0-301F-11D3-BF4B-00C04F79EFBC}") = "Database", "Database\Database.csproj", "{10CDF1BE-84CF-44B4-A57F-6122D9598EC2}"
EndProject
Project("{FAE04EC0-301F-11D3-BF4B-00C04F79EFBC}") = "Database.Tests", "Database.Tests\Database.Tests.csproj", "{AA295AC0-9A98-4424-8A10-CAC683C637A4}"
EndProject
Project("{FAE04EC0-301F-11D3-BF4B-00C04F79EFBC}") = "ExtendedDatabase", "ExtendedDatabase\ExtendedDatabase.csproj", "{70E5DF04-8A07-4149-86C6-4D24D65733FA}"
EndProject
Project("{FAE04EC0-301F-11D3-BF4B-00C04F79EFBC}") = "ExtendedDatabase.Tests", "ExtendedDatabase.Tests\ExtendedDatabase.Tests.csproj", "{C8E06E69-BB9E-423F-933B-D41109717AFF}"
EndProject
Project("{FAE04EC0-301F-11D3-BF4B-00C04F79EFBC}") = "IteratorTest", "IteratorTest\IteratorTest.csproj", "{33CC50D9-37B2-4CF0-8A0B-7FADFBBEB70D}"
EndProject
Project("{FAE04EC0-301F-11D3-BF4B-00C04F79EFBC}") = "IteratorTest.Tests", "IteratorTest.Tests\IteratorTest.Tests.csproj", "{FAFD636B-F224-4227-AC7B-8EE01F9F7169}"
EndProject
Project("{FAE04EC0-301F-11D3-BF4B-00C04F79EFBC}") = "IntegrationTests", "IntegrationTests\IntegrationTests.csproj", "{9EBE96D4-6A83-437E-AE74-1CD02CE3D89B}"
EndProject
Project("{FAE04EC0-301F-11D3-BF4B-00C04F79EFBC}") = "IntegrationTests.Tests", "IntegrationTests.Tests\IntegrationTests.Tests.csproj", "{FB22ED2A-178F-49D4-BF2A-5089CDE26012}"
EndProject
Global
	GlobalSection(SolutionConfigurationPlatforms) = preSolution
		Debug|Any CPU = Debug|Any CPU
		Release|Any CPU = Release|Any CPU
	EndGlobalSection
	GlobalSection(ProjectConfigurationPlatforms) = postSolution
		{B7C13488-44A9-432D-A12C-ED88E9656144}.Debug|Any CPU.ActiveCfg = Debug|Any CPU
		{B7C13488-44A9-432D-A12C-ED88E9656144}.Debug|Any CPU.Build.0 = Debug|Any CPU
		{B7C13488-44A9-432D-A12C-ED88E9656144}.Release|Any CPU.ActiveCfg = Release|Any CPU
		{B7C13488-44A9-432D-A12C-ED88E9656144}.Release|Any CPU.Build.0 = Release|Any CPU
		{B3DF042C-9952-43CD-9C8D-0F7443007981}.Debug|Any CPU.ActiveCfg = Debug|Any CPU
		{B3DF042C-9952-43CD-9C8D-0F7443007981}.Debug|Any CPU.Build.0 = Debug|Any CPU
		{B3DF042C-9952-43CD-9C8D-0F7443007981}.Release|Any CPU.ActiveCfg = Release|Any CPU
		{B3DF042C-9952-43CD-9C8D-0F7443007981}.Release|Any CPU.Build.0 = Release|Any CPU
		{10CDF1BE-84CF-44B4-A57F-6122D9598EC2}.Debug|Any CPU.ActiveCfg = Debug|Any CPU
		{10CDF1BE-84CF-44B4-A57F-6122D9598EC2}.Debug|Any CPU.Build.0 = Debug|Any CPU
		{10CDF1BE-84CF-44B4-A57F-6122D9598EC2}.Release|Any CPU.ActiveCfg = Release|Any CPU
		{10CDF1BE-84CF-44B4-A57F-6122D9598EC2}.Release|Any CPU.Build.0 = Release|Any CPU
		{AA295AC0-9A98-4424-8A10-CAC683C637A4}.Debug|Any CPU.ActiveCfg = Debug|Any CPU
		{AA295AC0-9A98-4424-8A10-CAC683C637A4}.Debug|Any CPU.Build.0 = Debug|Any CPU
		{AA295AC0-9A98-4424-8A10-CAC683C637A4}.Release|Any CPU.ActiveCfg = Release|Any CPU
		{AA295AC0-9A98-4424-8A10-CAC683C637A4}.Release|Any CPU.Build.0 = Release|Any CPU
		{70E5DF04-8A07-4149-86C6-4D24D65733FA}.Debug|Any CPU.ActiveCfg = Debug|Any CPU
		{70E5DF04-8A07-4149-86C6-4D24D65733FA}.Debug|Any CPU.Build.0 = Debug|Any CPU
		{70E5DF04-8A07-4149-86C6-4D24D65733FA}.Release|Any CPU.ActiveCfg = Release|Any CPU
		{70E5DF04-8A07-4149-86C6-4D24D65733FA}.Release|Any CPU.Build.0 = Release|Any CPU
		{C8E06E69-BB9E-423F-933B-D41109717AFF}.Debug|Any CPU.ActiveCfg = Debug|Any CPU
		{C8E06E69-BB9E-423F-933B-D41109717AFF}.Debug|Any CPU.Build.0 = Debug|Any CPU
		{C8E06E69-BB9E-423F-933B-D41109717AFF}.Release|Any CPU.ActiveCfg = Release|Any CPU
		{C8E06E69-BB9E-423F-933B-D41109717AFF}.Release|Any CPU.Build.0 = Release|Any CPU
		{33CC50D9-37B2-4CF0-8A0B-7FADFBBEB70D}.Debug|Any CPU.ActiveCfg = Debug|Any CPU
		{33CC50D9-37B2-4CF0-8A0B-7FADFBBEB70D}.Debug|Any CPU.Build.0 = Debug|Any CPU
		{33CC50D9-37B2-4CF0-8A0B-7FADFBBEB70D}.Release|Any CPU.ActiveCfg = Release|Any CPU
		{33CC50D9-37B2-4CF0-8A0B-7FADFBBEB70D}.Release|Any CPU.Build.0 = Release|Any CPU
		{FAFD636B-F224-4227-AC7B-8EE01F9F7169}.Debug|Any CPU.ActiveCfg = Debug|Any CPU
		{FAFD636B-F224-4227-AC7B-8EE01F9F7169}.Debug|Any CPU.Build.0 = Debug|Any CPU
		{FAFD636B-F224-4227-AC7B-8EE01F9F7169}.Release|Any CPU.ActiveCfg = Release|Any CPU
		{FAFD636B-F224-4227-AC7B-8EE01F9F7169}.Release|Any CPU.Build.0 = Release|Any CPU
		{9EBE96D4-6A83-437E-AE74-1CD02CE3D89B}.Debug|Any CPU.ActiveCfg = Debug|Any CPU
		{9EBE96D4-6A83-437E-AE74-1CD02CE3D89B}.Debug|Any CPU.Build.0 = Debug|Any CPU
		{9EBE96D4-6A83-437E-AE74-1CD02CE3D89B}.Release|Any CPU.ActiveCfg = Release|Any CPU
		{9EBE96D4-6A83-437E-AE74-1CD02CE3D89B}.Release|Any CPU.Build.0 = Release|Any CPU
		{FB22ED2A-178F-49D4-BF2A-5089CDE26012}.Debug|Any CPU.ActiveCfg = Debug|Any CPU
		{FB22ED2A-178F-49D4-BF2A-5089CDE26012}.Debug|Any CPU.Build.0 = Debug|Any CPU
		{FB22ED2A-178F-49D4-BF2A-5089CDE26012}.Release|Any CPU.ActiveCfg = Release|Any CPU
		{FB22ED2A-178F-49D4-BF2A-5089CDE26012}.Release|Any CPU.Build.0 = Release|Any CPU
	EndGlobalSection
	GlobalSection(SolutionProperties) = preSolution
		HideSolutionNode = FALSE
	EndGlobalSection
	GlobalSection(ExtensibilityGlobals) = postSolution
		SolutionGuid = {D7F2658B-6CCE-4354-A6F0-5480ADF56906}
	EndGlobalSection
EndGlobal
