
Microsoft Visual Studio Solution File, Format Version 12.00
# Visual Studio 15
VisualStudioVersion = 15.0.28010.2046
MinimumVisualStudioVersion = 10.0.40219.1
Project("{9A19103F-16F7-4668-BE54-9A1E7A4F7556}") = "SumMatrixElements", "SumMatrixElements\SumMatrixElements.csproj", "{856E4B1A-2FF2-4F4D-A2D3-0A4D82E993BA}"
EndProject
Project("{9A19103F-16F7-4668-BE54-9A1E7A4F7556}") = "SumMatrixColumn", "SumMatrixColumn\SumMatrixColumn.csproj", "{5C5783C8-7617-491C-A060-31D8F35D88F6}"
EndProject
Project("{9A19103F-16F7-4668-BE54-9A1E7A4F7556}") = "PrimaryDiagonal", "PrimaryDiagonal\PrimaryDiagonal.csproj", "{6BD01DA2-64B6-48B8-BFA6-565A42A6017D}"
EndProject
Project("{9A19103F-16F7-4668-BE54-9A1E7A4F7556}") = "SymbolInMatrix", "SymbolInMatrix\SymbolInMatrix.csproj", "{F7AE5C73-E178-4B28-98F3-B8B036150709}"
EndProject
Project("{9A19103F-16F7-4668-BE54-9A1E7A4F7556}") = "SquareWithMaximumSum", "SquareWithMaximumSum\SquareWithMaximumSum.csproj", "{E276C246-B0EF-4329-A677-71AA6DDCD222}"
EndProject
Project("{9A19103F-16F7-4668-BE54-9A1E7A4F7556}") = "JaggedArrayModification", "JaggedArrayModification\JaggedArrayModification.csproj", "{E66FF609-9780-4BC9-9845-23556C324200}"
EndProject
Project("{9A19103F-16F7-4668-BE54-9A1E7A4F7556}") = "GroupNumbers", "GroupNumbers\GroupNumbers.csproj", "{D4F2E3F5-DE8A-4563-B313-5E2C1EAA7430}"
EndProject
Project("{9A19103F-16F7-4668-BE54-9A1E7A4F7556}") = "PascalTriangle", "PascalTriangle\PascalTriangle.csproj", "{62206F9A-1F6B-49C0-BFB8-E9F7202694E5}"
EndProject
Project("{9A19103F-16F7-4668-BE54-9A1E7A4F7556}") = "MatrixOfPalindromes", "MatrixOfPalindromes\MatrixOfPalindromes.csproj", "{F86DF1BB-F63F-41E4-B444-A59E956E7FB0}"
EndProject
Project("{9A19103F-16F7-4668-BE54-9A1E7A4F7556}") = "DiagonalDifference", "DiagonalDifference\DiagonalDifference.csproj", "{9056EFFC-EA2D-4DF7-A432-60157E9BBF2C}"
EndProject
Project("{9A19103F-16F7-4668-BE54-9A1E7A4F7556}") = "SquaresInMatrix", "SquaresInMatrix\SquaresInMatrix.csproj", "{3A200685-030C-4259-B0A6-3814EFD49042}"
EndProject
Project("{9A19103F-16F7-4668-BE54-9A1E7A4F7556}") = "MaximumSum", "MaximumSum\MaximumSum.csproj", "{5E0447D0-2442-49B8-B61A-3DD742BF76FE}"
EndProject
Project("{9A19103F-16F7-4668-BE54-9A1E7A4F7556}") = "RubiksMatrix", "RubiksMatrix\RubiksMatrix.csproj", "{FE7D6AD6-0419-452A-BC9A-1E97A65DBCF8}"
EndProject
Project("{9A19103F-16F7-4668-BE54-9A1E7A4F7556}") = "TargetPractice", "TargetPractice\TargetPractice.csproj", "{CDB480A4-9E4F-44DA-98F4-D51C8ADC2DD8}"
EndProject
Project("{9A19103F-16F7-4668-BE54-9A1E7A4F7556}") = "LegoBlocks", "LegoBlocks\LegoBlocks.csproj", "{66758A36-B89B-4F13-B420-71E44845ED44}"
EndProject
Project("{9A19103F-16F7-4668-BE54-9A1E7A4F7556}") = "RadioactiveBunnies", "RadioactiveBunnies\RadioactiveBunnies.csproj", "{F2527630-9D63-4618-9B74-B89981983F0E}"
EndProject
Project("{FAE04EC0-301F-11D3-BF4B-00C04F79EFBC}") = "Crossfire", "Crossfire\Crossfire.csproj", "{1425A09E-C268-4258-93DA-47B236524DA2}"
EndProject
Global
	GlobalSection(SolutionConfigurationPlatforms) = preSolution
		Debug|Any CPU = Debug|Any CPU
		Debug|x64 = Debug|x64
		Debug|x86 = Debug|x86
		Release|Any CPU = Release|Any CPU
		Release|x64 = Release|x64
		Release|x86 = Release|x86
	EndGlobalSection
	GlobalSection(ProjectConfigurationPlatforms) = postSolution
		{856E4B1A-2FF2-4F4D-A2D3-0A4D82E993BA}.Debug|Any CPU.ActiveCfg = Debug|Any CPU
		{856E4B1A-2FF2-4F4D-A2D3-0A4D82E993BA}.Debug|Any CPU.Build.0 = Debug|Any CPU
		{856E4B1A-2FF2-4F4D-A2D3-0A4D82E993BA}.Debug|x64.ActiveCfg = Debug|Any CPU
		{856E4B1A-2FF2-4F4D-A2D3-0A4D82E993BA}.Debug|x64.Build.0 = Debug|Any CPU
		{856E4B1A-2FF2-4F4D-A2D3-0A4D82E993BA}.Debug|x86.ActiveCfg = Debug|Any CPU
		{856E4B1A-2FF2-4F4D-A2D3-0A4D82E993BA}.Debug|x86.Build.0 = Debug|Any CPU
		{856E4B1A-2FF2-4F4D-A2D3-0A4D82E993BA}.Release|Any CPU.ActiveCfg = Release|Any CPU
		{856E4B1A-2FF2-4F4D-A2D3-0A4D82E993BA}.Release|Any CPU.Build.0 = Release|Any CPU
		{856E4B1A-2FF2-4F4D-A2D3-0A4D82E993BA}.Release|x64.ActiveCfg = Release|Any CPU
		{856E4B1A-2FF2-4F4D-A2D3-0A4D82E993BA}.Release|x64.Build.0 = Release|Any CPU
		{856E4B1A-2FF2-4F4D-A2D3-0A4D82E993BA}.Release|x86.ActiveCfg = Release|Any CPU
		{856E4B1A-2FF2-4F4D-A2D3-0A4D82E993BA}.Release|x86.Build.0 = Release|Any CPU
		{5C5783C8-7617-491C-A060-31D8F35D88F6}.Debug|Any CPU.ActiveCfg = Debug|Any CPU
		{5C5783C8-7617-491C-A060-31D8F35D88F6}.Debug|Any CPU.Build.0 = Debug|Any CPU
		{5C5783C8-7617-491C-A060-31D8F35D88F6}.Debug|x64.ActiveCfg = Debug|Any CPU
		{5C5783C8-7617-491C-A060-31D8F35D88F6}.Debug|x64.Build.0 = Debug|Any CPU
		{5C5783C8-7617-491C-A060-31D8F35D88F6}.Debug|x86.ActiveCfg = Debug|Any CPU
		{5C5783C8-7617-491C-A060-31D8F35D88F6}.Debug|x86.Build.0 = Debug|Any CPU
		{5C5783C8-7617-491C-A060-31D8F35D88F6}.Release|Any CPU.ActiveCfg = Release|Any CPU
		{5C5783C8-7617-491C-A060-31D8F35D88F6}.Release|Any CPU.Build.0 = Release|Any CPU
		{5C5783C8-7617-491C-A060-31D8F35D88F6}.Release|x64.ActiveCfg = Release|Any CPU
		{5C5783C8-7617-491C-A060-31D8F35D88F6}.Release|x64.Build.0 = Release|Any CPU
		{5C5783C8-7617-491C-A060-31D8F35D88F6}.Release|x86.ActiveCfg = Release|Any CPU
		{5C5783C8-7617-491C-A060-31D8F35D88F6}.Release|x86.Build.0 = Release|Any CPU
		{6BD01DA2-64B6-48B8-BFA6-565A42A6017D}.Debug|Any CPU.ActiveCfg = Debug|Any CPU
		{6BD01DA2-64B6-48B8-BFA6-565A42A6017D}.Debug|Any CPU.Build.0 = Debug|Any CPU
		{6BD01DA2-64B6-48B8-BFA6-565A42A6017D}.Debug|x64.ActiveCfg = Debug|Any CPU
		{6BD01DA2-64B6-48B8-BFA6-565A42A6017D}.Debug|x64.Build.0 = Debug|Any CPU
		{6BD01DA2-64B6-48B8-BFA6-565A42A6017D}.Debug|x86.ActiveCfg = Debug|Any CPU
		{6BD01DA2-64B6-48B8-BFA6-565A42A6017D}.Debug|x86.Build.0 = Debug|Any CPU
		{6BD01DA2-64B6-48B8-BFA6-565A42A6017D}.Release|Any CPU.ActiveCfg = Release|Any CPU
		{6BD01DA2-64B6-48B8-BFA6-565A42A6017D}.Release|Any CPU.Build.0 = Release|Any CPU
		{6BD01DA2-64B6-48B8-BFA6-565A42A6017D}.Release|x64.ActiveCfg = Release|Any CPU
		{6BD01DA2-64B6-48B8-BFA6-565A42A6017D}.Release|x64.Build.0 = Release|Any CPU
		{6BD01DA2-64B6-48B8-BFA6-565A42A6017D}.Release|x86.ActiveCfg = Release|Any CPU
		{6BD01DA2-64B6-48B8-BFA6-565A42A6017D}.Release|x86.Build.0 = Release|Any CPU
		{F7AE5C73-E178-4B28-98F3-B8B036150709}.Debug|Any CPU.ActiveCfg = Debug|Any CPU
		{F7AE5C73-E178-4B28-98F3-B8B036150709}.Debug|Any CPU.Build.0 = Debug|Any CPU
		{F7AE5C73-E178-4B28-98F3-B8B036150709}.Debug|x64.ActiveCfg = Debug|Any CPU
		{F7AE5C73-E178-4B28-98F3-B8B036150709}.Debug|x64.Build.0 = Debug|Any CPU
		{F7AE5C73-E178-4B28-98F3-B8B036150709}.Debug|x86.ActiveCfg = Debug|Any CPU
		{F7AE5C73-E178-4B28-98F3-B8B036150709}.Debug|x86.Build.0 = Debug|Any CPU
		{F7AE5C73-E178-4B28-98F3-B8B036150709}.Release|Any CPU.ActiveCfg = Release|Any CPU
		{F7AE5C73-E178-4B28-98F3-B8B036150709}.Release|Any CPU.Build.0 = Release|Any CPU
		{F7AE5C73-E178-4B28-98F3-B8B036150709}.Release|x64.ActiveCfg = Release|Any CPU
		{F7AE5C73-E178-4B28-98F3-B8B036150709}.Release|x64.Build.0 = Release|Any CPU
		{F7AE5C73-E178-4B28-98F3-B8B036150709}.Release|x86.ActiveCfg = Release|Any CPU
		{F7AE5C73-E178-4B28-98F3-B8B036150709}.Release|x86.Build.0 = Release|Any CPU
		{E276C246-B0EF-4329-A677-71AA6DDCD222}.Debug|Any CPU.ActiveCfg = Debug|Any CPU
		{E276C246-B0EF-4329-A677-71AA6DDCD222}.Debug|Any CPU.Build.0 = Debug|Any CPU
		{E276C246-B0EF-4329-A677-71AA6DDCD222}.Debug|x64.ActiveCfg = Debug|Any CPU
		{E276C246-B0EF-4329-A677-71AA6DDCD222}.Debug|x64.Build.0 = Debug|Any CPU
		{E276C246-B0EF-4329-A677-71AA6DDCD222}.Debug|x86.ActiveCfg = Debug|Any CPU
		{E276C246-B0EF-4329-A677-71AA6DDCD222}.Debug|x86.Build.0 = Debug|Any CPU
		{E276C246-B0EF-4329-A677-71AA6DDCD222}.Release|Any CPU.ActiveCfg = Release|Any CPU
		{E276C246-B0EF-4329-A677-71AA6DDCD222}.Release|Any CPU.Build.0 = Release|Any CPU
		{E276C246-B0EF-4329-A677-71AA6DDCD222}.Release|x64.ActiveCfg = Release|Any CPU
		{E276C246-B0EF-4329-A677-71AA6DDCD222}.Release|x64.Build.0 = Release|Any CPU
		{E276C246-B0EF-4329-A677-71AA6DDCD222}.Release|x86.ActiveCfg = Release|Any CPU
		{E276C246-B0EF-4329-A677-71AA6DDCD222}.Release|x86.Build.0 = Release|Any CPU
		{E66FF609-9780-4BC9-9845-23556C324200}.Debug|Any CPU.ActiveCfg = Debug|Any CPU
		{E66FF609-9780-4BC9-9845-23556C324200}.Debug|Any CPU.Build.0 = Debug|Any CPU
		{E66FF609-9780-4BC9-9845-23556C324200}.Debug|x64.ActiveCfg = Debug|Any CPU
		{E66FF609-9780-4BC9-9845-23556C324200}.Debug|x64.Build.0 = Debug|Any CPU
		{E66FF609-9780-4BC9-9845-23556C324200}.Debug|x86.ActiveCfg = Debug|Any CPU
		{E66FF609-9780-4BC9-9845-23556C324200}.Debug|x86.Build.0 = Debug|Any CPU
		{E66FF609-9780-4BC9-9845-23556C324200}.Release|Any CPU.ActiveCfg = Release|Any CPU
		{E66FF609-9780-4BC9-9845-23556C324200}.Release|Any CPU.Build.0 = Release|Any CPU
		{E66FF609-9780-4BC9-9845-23556C324200}.Release|x64.ActiveCfg = Release|Any CPU
		{E66FF609-9780-4BC9-9845-23556C324200}.Release|x64.Build.0 = Release|Any CPU
		{E66FF609-9780-4BC9-9845-23556C324200}.Release|x86.ActiveCfg = Release|Any CPU
		{E66FF609-9780-4BC9-9845-23556C324200}.Release|x86.Build.0 = Release|Any CPU
		{D4F2E3F5-DE8A-4563-B313-5E2C1EAA7430}.Debug|Any CPU.ActiveCfg = Debug|Any CPU
		{D4F2E3F5-DE8A-4563-B313-5E2C1EAA7430}.Debug|Any CPU.Build.0 = Debug|Any CPU
		{D4F2E3F5-DE8A-4563-B313-5E2C1EAA7430}.Debug|x64.ActiveCfg = Debug|Any CPU
		{D4F2E3F5-DE8A-4563-B313-5E2C1EAA7430}.Debug|x64.Build.0 = Debug|Any CPU
		{D4F2E3F5-DE8A-4563-B313-5E2C1EAA7430}.Debug|x86.ActiveCfg = Debug|Any CPU
		{D4F2E3F5-DE8A-4563-B313-5E2C1EAA7430}.Debug|x86.Build.0 = Debug|Any CPU
		{D4F2E3F5-DE8A-4563-B313-5E2C1EAA7430}.Release|Any CPU.ActiveCfg = Release|Any CPU
		{D4F2E3F5-DE8A-4563-B313-5E2C1EAA7430}.Release|Any CPU.Build.0 = Release|Any CPU
		{D4F2E3F5-DE8A-4563-B313-5E2C1EAA7430}.Release|x64.ActiveCfg = Release|Any CPU
		{D4F2E3F5-DE8A-4563-B313-5E2C1EAA7430}.Release|x64.Build.0 = Release|Any CPU
		{D4F2E3F5-DE8A-4563-B313-5E2C1EAA7430}.Release|x86.ActiveCfg = Release|Any CPU
		{D4F2E3F5-DE8A-4563-B313-5E2C1EAA7430}.Release|x86.Build.0 = Release|Any CPU
		{62206F9A-1F6B-49C0-BFB8-E9F7202694E5}.Debug|Any CPU.ActiveCfg = Debug|Any CPU
		{62206F9A-1F6B-49C0-BFB8-E9F7202694E5}.Debug|Any CPU.Build.0 = Debug|Any CPU
		{62206F9A-1F6B-49C0-BFB8-E9F7202694E5}.Debug|x64.ActiveCfg = Debug|Any CPU
		{62206F9A-1F6B-49C0-BFB8-E9F7202694E5}.Debug|x64.Build.0 = Debug|Any CPU
		{62206F9A-1F6B-49C0-BFB8-E9F7202694E5}.Debug|x86.ActiveCfg = Debug|Any CPU
		{62206F9A-1F6B-49C0-BFB8-E9F7202694E5}.Debug|x86.Build.0 = Debug|Any CPU
		{62206F9A-1F6B-49C0-BFB8-E9F7202694E5}.Release|Any CPU.ActiveCfg = Release|Any CPU
		{62206F9A-1F6B-49C0-BFB8-E9F7202694E5}.Release|Any CPU.Build.0 = Release|Any CPU
		{62206F9A-1F6B-49C0-BFB8-E9F7202694E5}.Release|x64.ActiveCfg = Release|Any CPU
		{62206F9A-1F6B-49C0-BFB8-E9F7202694E5}.Release|x64.Build.0 = Release|Any CPU
		{62206F9A-1F6B-49C0-BFB8-E9F7202694E5}.Release|x86.ActiveCfg = Release|Any CPU
		{62206F9A-1F6B-49C0-BFB8-E9F7202694E5}.Release|x86.Build.0 = Release|Any CPU
		{F86DF1BB-F63F-41E4-B444-A59E956E7FB0}.Debug|Any CPU.ActiveCfg = Debug|Any CPU
		{F86DF1BB-F63F-41E4-B444-A59E956E7FB0}.Debug|Any CPU.Build.0 = Debug|Any CPU
		{F86DF1BB-F63F-41E4-B444-A59E956E7FB0}.Debug|x64.ActiveCfg = Debug|Any CPU
		{F86DF1BB-F63F-41E4-B444-A59E956E7FB0}.Debug|x64.Build.0 = Debug|Any CPU
		{F86DF1BB-F63F-41E4-B444-A59E956E7FB0}.Debug|x86.ActiveCfg = Debug|Any CPU
		{F86DF1BB-F63F-41E4-B444-A59E956E7FB0}.Debug|x86.Build.0 = Debug|Any CPU
		{F86DF1BB-F63F-41E4-B444-A59E956E7FB0}.Release|Any CPU.ActiveCfg = Release|Any CPU
		{F86DF1BB-F63F-41E4-B444-A59E956E7FB0}.Release|Any CPU.Build.0 = Release|Any CPU
		{F86DF1BB-F63F-41E4-B444-A59E956E7FB0}.Release|x64.ActiveCfg = Release|Any CPU
		{F86DF1BB-F63F-41E4-B444-A59E956E7FB0}.Release|x64.Build.0 = Release|Any CPU
		{F86DF1BB-F63F-41E4-B444-A59E956E7FB0}.Release|x86.ActiveCfg = Release|Any CPU
		{F86DF1BB-F63F-41E4-B444-A59E956E7FB0}.Release|x86.Build.0 = Release|Any CPU
		{9056EFFC-EA2D-4DF7-A432-60157E9BBF2C}.Debug|Any CPU.ActiveCfg = Debug|Any CPU
		{9056EFFC-EA2D-4DF7-A432-60157E9BBF2C}.Debug|Any CPU.Build.0 = Debug|Any CPU
		{9056EFFC-EA2D-4DF7-A432-60157E9BBF2C}.Debug|x64.ActiveCfg = Debug|Any CPU
		{9056EFFC-EA2D-4DF7-A432-60157E9BBF2C}.Debug|x64.Build.0 = Debug|Any CPU
		{9056EFFC-EA2D-4DF7-A432-60157E9BBF2C}.Debug|x86.ActiveCfg = Debug|Any CPU
		{9056EFFC-EA2D-4DF7-A432-60157E9BBF2C}.Debug|x86.Build.0 = Debug|Any CPU
		{9056EFFC-EA2D-4DF7-A432-60157E9BBF2C}.Release|Any CPU.ActiveCfg = Release|Any CPU
		{9056EFFC-EA2D-4DF7-A432-60157E9BBF2C}.Release|Any CPU.Build.0 = Release|Any CPU
		{9056EFFC-EA2D-4DF7-A432-60157E9BBF2C}.Release|x64.ActiveCfg = Release|Any CPU
		{9056EFFC-EA2D-4DF7-A432-60157E9BBF2C}.Release|x64.Build.0 = Release|Any CPU
		{9056EFFC-EA2D-4DF7-A432-60157E9BBF2C}.Release|x86.ActiveCfg = Release|Any CPU
		{9056EFFC-EA2D-4DF7-A432-60157E9BBF2C}.Release|x86.Build.0 = Release|Any CPU
		{3A200685-030C-4259-B0A6-3814EFD49042}.Debug|Any CPU.ActiveCfg = Debug|Any CPU
		{3A200685-030C-4259-B0A6-3814EFD49042}.Debug|Any CPU.Build.0 = Debug|Any CPU
		{3A200685-030C-4259-B0A6-3814EFD49042}.Debug|x64.ActiveCfg = Debug|Any CPU
		{3A200685-030C-4259-B0A6-3814EFD49042}.Debug|x64.Build.0 = Debug|Any CPU
		{3A200685-030C-4259-B0A6-3814EFD49042}.Debug|x86.ActiveCfg = Debug|Any CPU
		{3A200685-030C-4259-B0A6-3814EFD49042}.Debug|x86.Build.0 = Debug|Any CPU
		{3A200685-030C-4259-B0A6-3814EFD49042}.Release|Any CPU.ActiveCfg = Release|Any CPU
		{3A200685-030C-4259-B0A6-3814EFD49042}.Release|Any CPU.Build.0 = Release|Any CPU
		{3A200685-030C-4259-B0A6-3814EFD49042}.Release|x64.ActiveCfg = Release|Any CPU
		{3A200685-030C-4259-B0A6-3814EFD49042}.Release|x64.Build.0 = Release|Any CPU
		{3A200685-030C-4259-B0A6-3814EFD49042}.Release|x86.ActiveCfg = Release|Any CPU
		{3A200685-030C-4259-B0A6-3814EFD49042}.Release|x86.Build.0 = Release|Any CPU
		{5E0447D0-2442-49B8-B61A-3DD742BF76FE}.Debug|Any CPU.ActiveCfg = Debug|Any CPU
		{5E0447D0-2442-49B8-B61A-3DD742BF76FE}.Debug|Any CPU.Build.0 = Debug|Any CPU
		{5E0447D0-2442-49B8-B61A-3DD742BF76FE}.Debug|x64.ActiveCfg = Debug|Any CPU
		{5E0447D0-2442-49B8-B61A-3DD742BF76FE}.Debug|x64.Build.0 = Debug|Any CPU
		{5E0447D0-2442-49B8-B61A-3DD742BF76FE}.Debug|x86.ActiveCfg = Debug|Any CPU
		{5E0447D0-2442-49B8-B61A-3DD742BF76FE}.Debug|x86.Build.0 = Debug|Any CPU
		{5E0447D0-2442-49B8-B61A-3DD742BF76FE}.Release|Any CPU.ActiveCfg = Release|Any CPU
		{5E0447D0-2442-49B8-B61A-3DD742BF76FE}.Release|Any CPU.Build.0 = Release|Any CPU
		{5E0447D0-2442-49B8-B61A-3DD742BF76FE}.Release|x64.ActiveCfg = Release|Any CPU
		{5E0447D0-2442-49B8-B61A-3DD742BF76FE}.Release|x64.Build.0 = Release|Any CPU
		{5E0447D0-2442-49B8-B61A-3DD742BF76FE}.Release|x86.ActiveCfg = Release|Any CPU
		{5E0447D0-2442-49B8-B61A-3DD742BF76FE}.Release|x86.Build.0 = Release|Any CPU
		{FE7D6AD6-0419-452A-BC9A-1E97A65DBCF8}.Debug|Any CPU.ActiveCfg = Debug|Any CPU
		{FE7D6AD6-0419-452A-BC9A-1E97A65DBCF8}.Debug|Any CPU.Build.0 = Debug|Any CPU
		{FE7D6AD6-0419-452A-BC9A-1E97A65DBCF8}.Debug|x64.ActiveCfg = Debug|Any CPU
		{FE7D6AD6-0419-452A-BC9A-1E97A65DBCF8}.Debug|x64.Build.0 = Debug|Any CPU
		{FE7D6AD6-0419-452A-BC9A-1E97A65DBCF8}.Debug|x86.ActiveCfg = Debug|Any CPU
		{FE7D6AD6-0419-452A-BC9A-1E97A65DBCF8}.Debug|x86.Build.0 = Debug|Any CPU
		{FE7D6AD6-0419-452A-BC9A-1E97A65DBCF8}.Release|Any CPU.ActiveCfg = Release|Any CPU
		{FE7D6AD6-0419-452A-BC9A-1E97A65DBCF8}.Release|Any CPU.Build.0 = Release|Any CPU
		{FE7D6AD6-0419-452A-BC9A-1E97A65DBCF8}.Release|x64.ActiveCfg = Release|Any CPU
		{FE7D6AD6-0419-452A-BC9A-1E97A65DBCF8}.Release|x64.Build.0 = Release|Any CPU
		{FE7D6AD6-0419-452A-BC9A-1E97A65DBCF8}.Release|x86.ActiveCfg = Release|Any CPU
		{FE7D6AD6-0419-452A-BC9A-1E97A65DBCF8}.Release|x86.Build.0 = Release|Any CPU
		{CDB480A4-9E4F-44DA-98F4-D51C8ADC2DD8}.Debug|Any CPU.ActiveCfg = Debug|Any CPU
		{CDB480A4-9E4F-44DA-98F4-D51C8ADC2DD8}.Debug|Any CPU.Build.0 = Debug|Any CPU
		{CDB480A4-9E4F-44DA-98F4-D51C8ADC2DD8}.Debug|x64.ActiveCfg = Debug|Any CPU
		{CDB480A4-9E4F-44DA-98F4-D51C8ADC2DD8}.Debug|x64.Build.0 = Debug|Any CPU
		{CDB480A4-9E4F-44DA-98F4-D51C8ADC2DD8}.Debug|x86.ActiveCfg = Debug|Any CPU
		{CDB480A4-9E4F-44DA-98F4-D51C8ADC2DD8}.Debug|x86.Build.0 = Debug|Any CPU
		{CDB480A4-9E4F-44DA-98F4-D51C8ADC2DD8}.Release|Any CPU.ActiveCfg = Release|Any CPU
		{CDB480A4-9E4F-44DA-98F4-D51C8ADC2DD8}.Release|Any CPU.Build.0 = Release|Any CPU
		{CDB480A4-9E4F-44DA-98F4-D51C8ADC2DD8}.Release|x64.ActiveCfg = Release|Any CPU
		{CDB480A4-9E4F-44DA-98F4-D51C8ADC2DD8}.Release|x64.Build.0 = Release|Any CPU
		{CDB480A4-9E4F-44DA-98F4-D51C8ADC2DD8}.Release|x86.ActiveCfg = Release|Any CPU
		{CDB480A4-9E4F-44DA-98F4-D51C8ADC2DD8}.Release|x86.Build.0 = Release|Any CPU
		{66758A36-B89B-4F13-B420-71E44845ED44}.Debug|Any CPU.ActiveCfg = Debug|Any CPU
		{66758A36-B89B-4F13-B420-71E44845ED44}.Debug|Any CPU.Build.0 = Debug|Any CPU
		{66758A36-B89B-4F13-B420-71E44845ED44}.Debug|x64.ActiveCfg = Debug|Any CPU
		{66758A36-B89B-4F13-B420-71E44845ED44}.Debug|x64.Build.0 = Debug|Any CPU
		{66758A36-B89B-4F13-B420-71E44845ED44}.Debug|x86.ActiveCfg = Debug|Any CPU
		{66758A36-B89B-4F13-B420-71E44845ED44}.Debug|x86.Build.0 = Debug|Any CPU
		{66758A36-B89B-4F13-B420-71E44845ED44}.Release|Any CPU.ActiveCfg = Release|Any CPU
		{66758A36-B89B-4F13-B420-71E44845ED44}.Release|Any CPU.Build.0 = Release|Any CPU
		{66758A36-B89B-4F13-B420-71E44845ED44}.Release|x64.ActiveCfg = Release|Any CPU
		{66758A36-B89B-4F13-B420-71E44845ED44}.Release|x64.Build.0 = Release|Any CPU
		{66758A36-B89B-4F13-B420-71E44845ED44}.Release|x86.ActiveCfg = Release|Any CPU
		{66758A36-B89B-4F13-B420-71E44845ED44}.Release|x86.Build.0 = Release|Any CPU
		{F2527630-9D63-4618-9B74-B89981983F0E}.Debug|Any CPU.ActiveCfg = Debug|Any CPU
		{F2527630-9D63-4618-9B74-B89981983F0E}.Debug|Any CPU.Build.0 = Debug|Any CPU
		{F2527630-9D63-4618-9B74-B89981983F0E}.Debug|x64.ActiveCfg = Debug|Any CPU
		{F2527630-9D63-4618-9B74-B89981983F0E}.Debug|x64.Build.0 = Debug|Any CPU
		{F2527630-9D63-4618-9B74-B89981983F0E}.Debug|x86.ActiveCfg = Debug|Any CPU
		{F2527630-9D63-4618-9B74-B89981983F0E}.Debug|x86.Build.0 = Debug|Any CPU
		{F2527630-9D63-4618-9B74-B89981983F0E}.Release|Any CPU.ActiveCfg = Release|Any CPU
		{F2527630-9D63-4618-9B74-B89981983F0E}.Release|Any CPU.Build.0 = Release|Any CPU
		{F2527630-9D63-4618-9B74-B89981983F0E}.Release|x64.ActiveCfg = Release|Any CPU
		{F2527630-9D63-4618-9B74-B89981983F0E}.Release|x64.Build.0 = Release|Any CPU
		{F2527630-9D63-4618-9B74-B89981983F0E}.Release|x86.ActiveCfg = Release|Any CPU
		{F2527630-9D63-4618-9B74-B89981983F0E}.Release|x86.Build.0 = Release|Any CPU
		{1425A09E-C268-4258-93DA-47B236524DA2}.Debug|Any CPU.ActiveCfg = Debug|Any CPU
		{1425A09E-C268-4258-93DA-47B236524DA2}.Debug|Any CPU.Build.0 = Debug|Any CPU
		{1425A09E-C268-4258-93DA-47B236524DA2}.Debug|x64.ActiveCfg = Debug|Any CPU
		{1425A09E-C268-4258-93DA-47B236524DA2}.Debug|x64.Build.0 = Debug|Any CPU
		{1425A09E-C268-4258-93DA-47B236524DA2}.Debug|x86.ActiveCfg = Debug|Any CPU
		{1425A09E-C268-4258-93DA-47B236524DA2}.Debug|x86.Build.0 = Debug|Any CPU
		{1425A09E-C268-4258-93DA-47B236524DA2}.Release|Any CPU.ActiveCfg = Release|Any CPU
		{1425A09E-C268-4258-93DA-47B236524DA2}.Release|Any CPU.Build.0 = Release|Any CPU
		{1425A09E-C268-4258-93DA-47B236524DA2}.Release|x64.ActiveCfg = Release|Any CPU
		{1425A09E-C268-4258-93DA-47B236524DA2}.Release|x64.Build.0 = Release|Any CPU
		{1425A09E-C268-4258-93DA-47B236524DA2}.Release|x86.ActiveCfg = Release|Any CPU
		{1425A09E-C268-4258-93DA-47B236524DA2}.Release|x86.Build.0 = Release|Any CPU
	EndGlobalSection
	GlobalSection(SolutionProperties) = preSolution
		HideSolutionNode = FALSE
	EndGlobalSection
	GlobalSection(ExtensibilityGlobals) = postSolution
		SolutionGuid = {B68E3E68-3403-4A5B-9206-6092F9836C39}
	EndGlobalSection
EndGlobal
