
Microsoft Visual Studio Solution File, Format Version 12.00
# Visual Studio 15
VisualStudioVersion = 15.0.28010.2046
MinimumVisualStudioVersion = 10.0.40219.1
Project("{9A19103F-16F7-4668-BE54-9A1E7A4F7556}") = "03.Mediator", "Mediator\03.Mediator.csproj", "{7A6667D1-5394-4276-802A-AC885EC59196}"
EndProject
Project("{9A19103F-16F7-4668-BE54-9A1E7A4F7556}") = "04.Observer", "Observer\04.Observer.csproj", "{4DBF47B5-B9A0-47E8-B890-05535102289A}"
EndProject
Project("{FAE04EC0-301F-11D3-BF4B-00C04F79EFBC}") = "EventImplementation", "EventImplementation\EventImplementation.csproj", "{ECAF8DEF-BB7C-403D-9B3A-C401FF7A4BCF}"
EndProject
Project("{FAE04EC0-301F-11D3-BF4B-00C04F79EFBC}") = "KingsGambit", "KingsGambit\KingsGambit.csproj", "{ABD70E23-9325-4F7F-9A3D-D98C00AA6D1B}"
EndProject
Project("{FAE04EC0-301F-11D3-BF4B-00C04F79EFBC}") = "DependencyInversion", "DependencyInversion\DependencyInversion.csproj", "{F49CCFDD-D001-4015-B0B4-B3E17AFB5CEB}"
EndProject
Project("{FAE04EC0-301F-11D3-BF4B-00C04F79EFBC}") = "WorkForce", "WorkForce\WorkForce.csproj", "{47F7DD86-8FA4-485E-A193-67C67749C03D}"
EndProject
Global
	GlobalSection(SolutionConfigurationPlatforms) = preSolution
		Debug|Any CPU = Debug|Any CPU
		Release|Any CPU = Release|Any CPU
	EndGlobalSection
	GlobalSection(ProjectConfigurationPlatforms) = postSolution
		{7A6667D1-5394-4276-802A-AC885EC59196}.Debug|Any CPU.ActiveCfg = Debug|Any CPU
		{7A6667D1-5394-4276-802A-AC885EC59196}.Debug|Any CPU.Build.0 = Debug|Any CPU
		{7A6667D1-5394-4276-802A-AC885EC59196}.Release|Any CPU.ActiveCfg = Release|Any CPU
		{7A6667D1-5394-4276-802A-AC885EC59196}.Release|Any CPU.Build.0 = Release|Any CPU
		{4DBF47B5-B9A0-47E8-B890-05535102289A}.Debug|Any CPU.ActiveCfg = Debug|Any CPU
		{4DBF47B5-B9A0-47E8-B890-05535102289A}.Debug|Any CPU.Build.0 = Debug|Any CPU
		{4DBF47B5-B9A0-47E8-B890-05535102289A}.Release|Any CPU.ActiveCfg = Release|Any CPU
		{4DBF47B5-B9A0-47E8-B890-05535102289A}.Release|Any CPU.Build.0 = Release|Any CPU
		{ECAF8DEF-BB7C-403D-9B3A-C401FF7A4BCF}.Debug|Any CPU.ActiveCfg = Debug|Any CPU
		{ECAF8DEF-BB7C-403D-9B3A-C401FF7A4BCF}.Debug|Any CPU.Build.0 = Debug|Any CPU
		{ECAF8DEF-BB7C-403D-9B3A-C401FF7A4BCF}.Release|Any CPU.ActiveCfg = Release|Any CPU
		{ECAF8DEF-BB7C-403D-9B3A-C401FF7A4BCF}.Release|Any CPU.Build.0 = Release|Any CPU
		{ABD70E23-9325-4F7F-9A3D-D98C00AA6D1B}.Debug|Any CPU.ActiveCfg = Debug|Any CPU
		{ABD70E23-9325-4F7F-9A3D-D98C00AA6D1B}.Debug|Any CPU.Build.0 = Debug|Any CPU
		{ABD70E23-9325-4F7F-9A3D-D98C00AA6D1B}.Release|Any CPU.ActiveCfg = Release|Any CPU
		{ABD70E23-9325-4F7F-9A3D-D98C00AA6D1B}.Release|Any CPU.Build.0 = Release|Any CPU
		{F49CCFDD-D001-4015-B0B4-B3E17AFB5CEB}.Debug|Any CPU.ActiveCfg = Debug|Any CPU
		{F49CCFDD-D001-4015-B0B4-B3E17AFB5CEB}.Debug|Any CPU.Build.0 = Debug|Any CPU
		{F49CCFDD-D001-4015-B0B4-B3E17AFB5CEB}.Release|Any CPU.ActiveCfg = Release|Any CPU
		{F49CCFDD-D001-4015-B0B4-B3E17AFB5CEB}.Release|Any CPU.Build.0 = Release|Any CPU
		{47F7DD86-8FA4-485E-A193-67C67749C03D}.Debug|Any CPU.ActiveCfg = Debug|Any CPU
		{47F7DD86-8FA4-485E-A193-67C67749C03D}.Debug|Any CPU.Build.0 = Debug|Any CPU
		{47F7DD86-8FA4-485E-A193-67C67749C03D}.Release|Any CPU.ActiveCfg = Release|Any CPU
		{47F7DD86-8FA4-485E-A193-67C67749C03D}.Release|Any CPU.Build.0 = Release|Any CPU
	EndGlobalSection
	GlobalSection(SolutionProperties) = preSolution
		HideSolutionNode = FALSE
	EndGlobalSection
	GlobalSection(ExtensibilityGlobals) = postSolution
		SolutionGuid = {57B89A45-CD26-465B-9441-20498CB53517}
	EndGlobalSection
EndGlobal
